
Microsoft Visual Studio Solution File, Format Version 12.00
# Visual Studio 2013
VisualStudioVersion = 12.0.40629.0
MinimumVisualStudioVersion = 10.0.40219.1
Project("{FAE04EC0-301F-11D3-BF4B-00C04F79EFBC}") = "EliminateAdjacentDuplicates", "EliminateAdjacentDuplicates\EliminateAdjacentDuplicates.csproj", "{49850010-A9FE-41CD-93E1-41665F2E1CCF}"
EndProject
Project("{FAE04EC0-301F-11D3-BF4B-00C04F79EFBC}") = "FunnyString", "FunnyString\FunnyString.csproj", "{4E08E7E3-0E71-4ACB-BF8E-2CBC0738AE8D}"
EndProject
Project("{FAE04EC0-301F-11D3-BF4B-00C04F79EFBC}") = "Pangrams", "Pangrams\Pangrams.csproj", "{19D9ED43-8F44-4AE1-8A37-A0452AAB6F97}"
EndProject
Project("{FAE04EC0-301F-11D3-BF4B-00C04F79EFBC}") = "MinDeletionsRequired", "MinDeletionsRequired\MinDeletionsRequired.csproj", "{E60464BE-9B3A-4EC3-833E-87129BE49B2E}"
EndProject
Project("{FAE04EC0-301F-11D3-BF4B-00C04F79EFBC}") = "AnagramPalindrome", "Anagram Palindrome\AnagramPalindrome.csproj", "{3D58DF71-3E92-458D-90AE-E9B4B14CAD89}"
EndProject
Project("{FAE04EC0-301F-11D3-BF4B-00C04F79EFBC}") = "GemStones", "GemStones\GemStones.csproj", "{DE8D7FEF-F0D2-4086-B417-195A6B6773C5}"
EndProject
Project("{FAE04EC0-301F-11D3-BF4B-00C04F79EFBC}") = "MakeItAnagram", "MakeItAnagram\MakeItAnagram.csproj", "{E7D9C83E-BADC-455E-B9CD-664C8A1077B4}"
EndProject
Project("{FAE04EC0-301F-11D3-BF4B-00C04F79EFBC}") = "AnagramReplacements", "AnagramReplacements\AnagramReplacements.csproj", "{EDB7BDF7-1A53-495C-BE24-C30DA702C01B}"
EndProject
Project("{FAE04EC0-301F-11D3-BF4B-00C04F79EFBC}") = "TwoStrings", "TwoStrings\TwoStrings.csproj", "{E6867D95-7382-4453-AB40-C9BCD4E2687C}"
EndProject
Global
	GlobalSection(SolutionConfigurationPlatforms) = preSolution
		Debug|Any CPU = Debug|Any CPU
		Release|Any CPU = Release|Any CPU
	EndGlobalSection
	GlobalSection(ProjectConfigurationPlatforms) = postSolution
		{49850010-A9FE-41CD-93E1-41665F2E1CCF}.Debug|Any CPU.ActiveCfg = Debug|Any CPU
		{49850010-A9FE-41CD-93E1-41665F2E1CCF}.Debug|Any CPU.Build.0 = Debug|Any CPU
		{49850010-A9FE-41CD-93E1-41665F2E1CCF}.Release|Any CPU.ActiveCfg = Release|Any CPU
		{49850010-A9FE-41CD-93E1-41665F2E1CCF}.Release|Any CPU.Build.0 = Release|Any CPU
		{4E08E7E3-0E71-4ACB-BF8E-2CBC0738AE8D}.Debug|Any CPU.ActiveCfg = Debug|Any CPU
		{4E08E7E3-0E71-4ACB-BF8E-2CBC0738AE8D}.Debug|Any CPU.Build.0 = Debug|Any CPU
		{4E08E7E3-0E71-4ACB-BF8E-2CBC0738AE8D}.Release|Any CPU.ActiveCfg = Release|Any CPU
		{4E08E7E3-0E71-4ACB-BF8E-2CBC0738AE8D}.Release|Any CPU.Build.0 = Release|Any CPU
		{19D9ED43-8F44-4AE1-8A37-A0452AAB6F97}.Debug|Any CPU.ActiveCfg = Debug|Any CPU
		{19D9ED43-8F44-4AE1-8A37-A0452AAB6F97}.Debug|Any CPU.Build.0 = Debug|Any CPU
		{19D9ED43-8F44-4AE1-8A37-A0452AAB6F97}.Release|Any CPU.ActiveCfg = Release|Any CPU
		{19D9ED43-8F44-4AE1-8A37-A0452AAB6F97}.Release|Any CPU.Build.0 = Release|Any CPU
		{E60464BE-9B3A-4EC3-833E-87129BE49B2E}.Debug|Any CPU.ActiveCfg = Debug|Any CPU
		{E60464BE-9B3A-4EC3-833E-87129BE49B2E}.Debug|Any CPU.Build.0 = Debug|Any CPU
		{E60464BE-9B3A-4EC3-833E-87129BE49B2E}.Release|Any CPU.ActiveCfg = Release|Any CPU
		{E60464BE-9B3A-4EC3-833E-87129BE49B2E}.Release|Any CPU.Build.0 = Release|Any CPU
		{3D58DF71-3E92-458D-90AE-E9B4B14CAD89}.Debug|Any CPU.ActiveCfg = Debug|Any CPU
		{3D58DF71-3E92-458D-90AE-E9B4B14CAD89}.Debug|Any CPU.Build.0 = Debug|Any CPU
		{3D58DF71-3E92-458D-90AE-E9B4B14CAD89}.Release|Any CPU.ActiveCfg = Release|Any CPU
		{3D58DF71-3E92-458D-90AE-E9B4B14CAD89}.Release|Any CPU.Build.0 = Release|Any CPU
		{DE8D7FEF-F0D2-4086-B417-195A6B6773C5}.Debug|Any CPU.ActiveCfg = Debug|Any CPU
		{DE8D7FEF-F0D2-4086-B417-195A6B6773C5}.Debug|Any CPU.Build.0 = Debug|Any CPU
		{DE8D7FEF-F0D2-4086-B417-195A6B6773C5}.Release|Any CPU.ActiveCfg = Release|Any CPU
		{DE8D7FEF-F0D2-4086-B417-195A6B6773C5}.Release|Any CPU.Build.0 = Release|Any CPU
		{E7D9C83E-BADC-455E-B9CD-664C8A1077B4}.Debug|Any CPU.ActiveCfg = Debug|Any CPU
		{E7D9C83E-BADC-455E-B9CD-664C8A1077B4}.Debug|Any CPU.Build.0 = Debug|Any CPU
		{E7D9C83E-BADC-455E-B9CD-664C8A1077B4}.Release|Any CPU.ActiveCfg = Release|Any CPU
		{E7D9C83E-BADC-455E-B9CD-664C8A1077B4}.Release|Any CPU.Build.0 = Release|Any CPU
		{EDB7BDF7-1A53-495C-BE24-C30DA702C01B}.Debug|Any CPU.ActiveCfg = Debug|Any CPU
		{EDB7BDF7-1A53-495C-BE24-C30DA702C01B}.Debug|Any CPU.Build.0 = Debug|Any CPU
		{EDB7BDF7-1A53-495C-BE24-C30DA702C01B}.Release|Any CPU.ActiveCfg = Release|Any CPU
		{EDB7BDF7-1A53-495C-BE24-C30DA702C01B}.Release|Any CPU.Build.0 = Release|Any CPU
		{E6867D95-7382-4453-AB40-C9BCD4E2687C}.Debug|Any CPU.ActiveCfg = Debug|Any CPU
		{E6867D95-7382-4453-AB40-C9BCD4E2687C}.Debug|Any CPU.Build.0 = Debug|Any CPU
		{E6867D95-7382-4453-AB40-C9BCD4E2687C}.Release|Any CPU.ActiveCfg = Release|Any CPU
		{E6867D95-7382-4453-AB40-C9BCD4E2687C}.Release|Any CPU.Build.0 = Release|Any CPU
	EndGlobalSection
	GlobalSection(SolutionProperties) = preSolution
		HideSolutionNode = FALSE
	EndGlobalSection
EndGlobal
